// !$*UTF8*$!
{
	archiveVersion = 1;
	classes = {
	};
	objectVersion = 56;
	objects = {

/* Begin PBXBuildFile section */
		E7280C3C2AA0C4E90011C1B3 /* AppDelegate.swift in Sources */ = {isa = PBXBuildFile; fileRef = E7280C3B2AA0C4E90011C1B3 /* AppDelegate.swift */; };
		E7280C3E2AA0C4E90011C1B3 /* SceneDelegate.swift in Sources */ = {isa = PBXBuildFile; fileRef = E7280C3D2AA0C4E90011C1B3 /* SceneDelegate.swift */; };
		E7280C432AA0C4E90011C1B3 /* Main.storyboard in Resources */ = {isa = PBXBuildFile; fileRef = E7280C412AA0C4E90011C1B3 /* Main.storyboard */; };
		E7280C452AA0C4EB0011C1B3 /* Assets.xcassets in Resources */ = {isa = PBXBuildFile; fileRef = E7280C442AA0C4EB0011C1B3 /* Assets.xcassets */; };
		E7280C482AA0C4EB0011C1B3 /* LaunchScreen.storyboard in Resources */ = {isa = PBXBuildFile; fileRef = E7280C462AA0C4EB0011C1B3 /* LaunchScreen.storyboard */; };
		E7280C502AA0C6A00011C1B3 /* MainViewController.swift in Sources */ = {isa = PBXBuildFile; fileRef = E7280C4F2AA0C6A00011C1B3 /* MainViewController.swift */; };
		E7280C522AA0C6D20011C1B3 /* CharacterCollectionViewCell.swift in Sources */ = {isa = PBXBuildFile; fileRef = E7280C512AA0C6D20011C1B3 /* CharacterCollectionViewCell.swift */; };
		E7280C542AA0C7990011C1B3 /* Model.swift in Sources */ = {isa = PBXBuildFile; fileRef = E7280C532AA0C7990011C1B3 /* Model.swift */; };
		E7280C562AA0C7B00011C1B3 /* NetworkManager.swift in Sources */ = {isa = PBXBuildFile; fileRef = E7280C552AA0C7B00011C1B3 /* NetworkManager.swift */; };
		E770C84A2AA21CDD008FB6D8 /* CharacterViewController.swift in Sources */ = {isa = PBXBuildFile; fileRef = E770C8492AA21CDD008FB6D8 /* CharacterViewController.swift */; };
		E77F73622AA9E5D700E76E53 /* InfoTableViewCell.swift in Sources */ = {isa = PBXBuildFile; fileRef = E77F73612AA9E5D700E76E53 /* InfoTableViewCell.swift */; };
		E77F73642AA9E5E500E76E53 /* OriginTableViewCell.swift in Sources */ = {isa = PBXBuildFile; fileRef = E77F73632AA9E5E500E76E53 /* OriginTableViewCell.swift */; };
		E784D9DE2AA8C0F500F9EB01 /* EpisodesTableViewCell.swift in Sources */ = {isa = PBXBuildFile; fileRef = E784D9DD2AA8C0F400F9EB01 /* EpisodesTableViewCell.swift */; };
/* End PBXBuildFile section */

/* Begin PBXFileReference section */
		E7280C382AA0C4E90011C1B3 /* RickAndMorty.app */ = {isa = PBXFileReference; explicitFileType = wrapper.application; includeInIndex = 0; path = RickAndMorty.app; sourceTree = BUILT_PRODUCTS_DIR; };
		E7280C3B2AA0C4E90011C1B3 /* AppDelegate.swift */ = {isa = PBXFileReference; lastKnownFileType = sourcecode.swift; path = AppDelegate.swift; sourceTree = "<group>"; };
		E7280C3D2AA0C4E90011C1B3 /* SceneDelegate.swift */ = {isa = PBXFileReference; lastKnownFileType = sourcecode.swift; path = SceneDelegate.swift; sourceTree = "<group>"; };
		E7280C422AA0C4E90011C1B3 /* Base */ = {isa = PBXFileReference; lastKnownFileType = file.storyboard; name = Base; path = Base.lproj/Main.storyboard; sourceTree = "<group>"; };
		E7280C442AA0C4EB0011C1B3 /* Assets.xcassets */ = {isa = PBXFileReference; lastKnownFileType = folder.assetcatalog; path = Assets.xcassets; sourceTree = "<group>"; };
		E7280C472AA0C4EB0011C1B3 /* Base */ = {isa = PBXFileReference; lastKnownFileType = file.storyboard; name = Base; path = Base.lproj/LaunchScreen.storyboard; sourceTree = "<group>"; };
		E7280C492AA0C4EB0011C1B3 /* Info.plist */ = {isa = PBXFileReference; lastKnownFileType = text.plist.xml; path = Info.plist; sourceTree = "<group>"; };
		E7280C4F2AA0C6A00011C1B3 /* MainViewController.swift */ = {isa = PBXFileReference; lastKnownFileType = sourcecode.swift; path = MainViewController.swift; sourceTree = "<group>"; };
		E7280C512AA0C6D20011C1B3 /* CharacterCollectionViewCell.swift */ = {isa = PBXFileReference; lastKnownFileType = sourcecode.swift; path = CharacterCollectionViewCell.swift; sourceTree = "<group>"; };
		E7280C532AA0C7990011C1B3 /* Model.swift */ = {isa = PBXFileReference; lastKnownFileType = sourcecode.swift; path = Model.swift; sourceTree = "<group>"; };
		E7280C552AA0C7B00011C1B3 /* NetworkManager.swift */ = {isa = PBXFileReference; lastKnownFileType = sourcecode.swift; path = NetworkManager.swift; sourceTree = "<group>"; };
		E770C8492AA21CDD008FB6D8 /* CharacterViewController.swift */ = {isa = PBXFileReference; lastKnownFileType = sourcecode.swift; path = CharacterViewController.swift; sourceTree = "<group>"; };
		E77F73612AA9E5D700E76E53 /* InfoTableViewCell.swift */ = {isa = PBXFileReference; lastKnownFileType = sourcecode.swift; path = InfoTableViewCell.swift; sourceTree = "<group>"; };
		E77F73632AA9E5E500E76E53 /* OriginTableViewCell.swift */ = {isa = PBXFileReference; lastKnownFileType = sourcecode.swift; path = OriginTableViewCell.swift; sourceTree = "<group>"; };
		E784D9DD2AA8C0F400F9EB01 /* EpisodesTableViewCell.swift */ = {isa = PBXFileReference; lastKnownFileType = sourcecode.swift; path = EpisodesTableViewCell.swift; sourceTree = "<group>"; };
/* End PBXFileReference section */

/* Begin PBXFrameworksBuildPhase section */
		E7280C352AA0C4E90011C1B3 /* Frameworks */ = {
			isa = PBXFrameworksBuildPhase;
			buildActionMask = 2147483647;
			files = (
			);
			runOnlyForDeploymentPostprocessing = 0;
		};
/* End PBXFrameworksBuildPhase section */

/* Begin PBXGroup section */
		E7280C2F2AA0C4E90011C1B3 = {
			isa = PBXGroup;
			children = (
				E7280C3A2AA0C4E90011C1B3 /* RickAndMorty */,
				E7280C392AA0C4E90011C1B3 /* Products */,
			);
			sourceTree = "<group>";
		};
		E7280C392AA0C4E90011C1B3 /* Products */ = {
			isa = PBXGroup;
			children = (
				E7280C382AA0C4E90011C1B3 /* RickAndMorty.app */,
			);
			name = Products;
			sourceTree = "<group>";
		};
		E7280C3A2AA0C4E90011C1B3 /* RickAndMorty */ = {
			isa = PBXGroup;
			children = (
				E7280C3B2AA0C4E90011C1B3 /* AppDelegate.swift */,
				E7280C3D2AA0C4E90011C1B3 /* SceneDelegate.swift */,
				E784D9E32AA8C1EE00F9EB01 /* Storyboards */,
				E784D9E02AA8C18A00F9EB01 /* ViewControllers */,
				E784D9DF2AA8C17E00F9EB01 /* Cells */,
				E784D9E12AA8C1C800F9EB01 /* Model */,
				E784D9E22AA8C1D900F9EB01 /* Service */,
				E7280C442AA0C4EB0011C1B3 /* Assets.xcassets */,
				E7280C492AA0C4EB0011C1B3 /* Info.plist */,
			);
			path = RickAndMorty;
			sourceTree = "<group>";
		};
		E784D9DF2AA8C17E00F9EB01 /* Cells */ = {
			isa = PBXGroup;
			children = (
				E7280C512AA0C6D20011C1B3 /* CharacterCollectionViewCell.swift */,
				E77F73612AA9E5D700E76E53 /* InfoTableViewCell.swift */,
				E77F73632AA9E5E500E76E53 /* OriginTableViewCell.swift */,
				E784D9DD2AA8C0F400F9EB01 /* EpisodesTableViewCell.swift */,
			);
			path = Cells;
			sourceTree = "<group>";
		};
		E784D9E02AA8C18A00F9EB01 /* ViewControllers */ = {
			isa = PBXGroup;
			children = (
				E7280C4F2AA0C6A00011C1B3 /* MainViewController.swift */,
				E770C8492AA21CDD008FB6D8 /* CharacterViewController.swift */,
			);
			path = ViewControllers;
			sourceTree = "<group>";
		};
		E784D9E12AA8C1C800F9EB01 /* Model */ = {
			isa = PBXGroup;
			children = (
				E7280C532AA0C7990011C1B3 /* Model.swift */,
			);
			path = Model;
			sourceTree = "<group>";
		};
		E784D9E22AA8C1D900F9EB01 /* Service */ = {
			isa = PBXGroup;
			children = (
				E7280C552AA0C7B00011C1B3 /* NetworkManager.swift */,
			);
			path = Service;
			sourceTree = "<group>";
		};
		E784D9E32AA8C1EE00F9EB01 /* Storyboards */ = {
			isa = PBXGroup;
			children = (
				E7280C412AA0C4E90011C1B3 /* Main.storyboard */,
				E7280C462AA0C4EB0011C1B3 /* LaunchScreen.storyboard */,
			);
			path = Storyboards;
			sourceTree = "<group>";
		};
/* End PBXGroup section */

/* Begin PBXNativeTarget section */
		E7280C372AA0C4E90011C1B3 /* RickAndMorty */ = {
			isa = PBXNativeTarget;
			buildConfigurationList = E7280C4C2AA0C4EB0011C1B3 /* Build configuration list for PBXNativeTarget "RickAndMorty" */;
			buildPhases = (
				E7280C342AA0C4E90011C1B3 /* Sources */,
				E7280C352AA0C4E90011C1B3 /* Frameworks */,
				E7280C362AA0C4E90011C1B3 /* Resources */,
			);
			buildRules = (
			);
			dependencies = (
			);
			name = RickAndMorty;
			productName = RickAndMorty;
			productReference = E7280C382AA0C4E90011C1B3 /* RickAndMorty.app */;
			productType = "com.apple.product-type.application";
		};
/* End PBXNativeTarget section */

/* Begin PBXProject section */
		E7280C302AA0C4E90011C1B3 /* Project object */ = {
			isa = PBXProject;
			attributes = {
				BuildIndependentTargetsInParallel = 1;
				LastSwiftUpdateCheck = 1420;
				LastUpgradeCheck = 1420;
				TargetAttributes = {
					E7280C372AA0C4E90011C1B3 = {
						CreatedOnToolsVersion = 14.2;
					};
				};
			};
			buildConfigurationList = E7280C332AA0C4E90011C1B3 /* Build configuration list for PBXProject "RickAndMorty" */;
			compatibilityVersion = "Xcode 14.0";
			developmentRegion = en;
			hasScannedForEncodings = 0;
			knownRegions = (
				en,
				Base,
			);
			mainGroup = E7280C2F2AA0C4E90011C1B3;
			productRefGroup = E7280C392AA0C4E90011C1B3 /* Products */;
			projectDirPath = "";
			projectRoot = "";
			targets = (
				E7280C372AA0C4E90011C1B3 /* RickAndMorty */,
			);
		};
/* End PBXProject section */

/* Begin PBXResourcesBuildPhase section */
		E7280C362AA0C4E90011C1B3 /* Resources */ = {
			isa = PBXResourcesBuildPhase;
			buildActionMask = 2147483647;
			files = (
				E7280C482AA0C4EB0011C1B3 /* LaunchScreen.storyboard in Resources */,
				E7280C452AA0C4EB0011C1B3 /* Assets.xcassets in Resources */,
				E7280C432AA0C4E90011C1B3 /* Main.storyboard in Resources */,
			);
			runOnlyForDeploymentPostprocessing = 0;
		};
/* End PBXResourcesBuildPhase section */

/* Begin PBXSourcesBuildPhase section */
		E7280C342AA0C4E90011C1B3 /* Sources */ = {
			isa = PBXSourcesBuildPhase;
			buildActionMask = 2147483647;
			files = (
				E7280C562AA0C7B00011C1B3 /* NetworkManager.swift in Sources */,
				E7280C542AA0C7990011C1B3 /* Model.swift in Sources */,
				E770C84A2AA21CDD008FB6D8 /* CharacterViewController.swift in Sources */,
				E77F73622AA9E5D700E76E53 /* InfoTableViewCell.swift in Sources */,
				E7280C502AA0C6A00011C1B3 /* MainViewController.swift in Sources */,
				E7280C3C2AA0C4E90011C1B3 /* AppDelegate.swift in Sources */,
				E7280C522AA0C6D20011C1B3 /* CharacterCollectionViewCell.swift in Sources */,
				E77F73642AA9E5E500E76E53 /* OriginTableViewCell.swift in Sources */,
				E784D9DE2AA8C0F500F9EB01 /* EpisodesTableViewCell.swift in Sources */,
				E7280C3E2AA0C4E90011C1B3 /* SceneDelegate.swift in Sources */,
			);
			runOnlyForDeploymentPostprocessing = 0;
		};
/* End PBXSourcesBuildPhase section */

/* Begin PBXVariantGroup section */
		E7280C412AA0C4E90011C1B3 /* Main.storyboard */ = {
			isa = PBXVariantGroup;
			children = (
				E7280C422AA0C4E90011C1B3 /* Base */,
			);
			name = Main.storyboard;
			sourceTree = "<group>";
		};
		E7280C462AA0C4EB0011C1B3 /* LaunchScreen.storyboard */ = {
			isa = PBXVariantGroup;
			children = (
				E7280C472AA0C4EB0011C1B3 /* Base */,
			);
			name = LaunchScreen.storyboard;
			sourceTree = "<group>";
		};
/* End PBXVariantGroup section */

/* Begin XCBuildConfiguration section */
		E7280C4A2AA0C4EB0011C1B3 /* Debug */ = {
			isa = XCBuildConfiguration;
			buildSettings = {
				ALWAYS_SEARCH_USER_PATHS = NO;
				CLANG_ANALYZER_NONNULL = YES;
				CLANG_ANALYZER_NUMBER_OBJECT_CONVERSION = YES_AGGRESSIVE;
				CLANG_CXX_LANGUAGE_STANDARD = "gnu++20";
				CLANG_ENABLE_MODULES = YES;
				CLANG_ENABLE_OBJC_ARC = YES;
				CLANG_ENABLE_OBJC_WEAK = YES;
				CLANG_WARN_BLOCK_CAPTURE_AUTORELEASING = YES;
				CLANG_WARN_BOOL_CONVERSION = YES;
				CLANG_WARN_COMMA = YES;
				CLANG_WARN_CONSTANT_CONVERSION = YES;
				CLANG_WARN_DEPRECATED_OBJC_IMPLEMENTATIONS = YES;
				CLANG_WARN_DIRECT_OBJC_ISA_USAGE = YES_ERROR;
				CLANG_WARN_DOCUMENTATION_COMMENTS = YES;
				CLANG_WARN_EMPTY_BODY = YES;
				CLANG_WARN_ENUM_CONVERSION = YES;
				CLANG_WARN_INFINITE_RECURSION = YES;
				CLANG_WARN_INT_CONVERSION = YES;
				CLANG_WARN_NON_LITERAL_NULL_CONVERSION = YES;
				CLANG_WARN_OBJC_IMPLICIT_RETAIN_SELF = YES;
				CLANG_WARN_OBJC_LITERAL_CONVERSION = YES;
				CLANG_WARN_OBJC_ROOT_CLASS = YES_ERROR;
				CLANG_WARN_QUOTED_INCLUDE_IN_FRAMEWORK_HEADER = YES;
				CLANG_WARN_RANGE_LOOP_ANALYSIS = YES;
				CLANG_WARN_STRICT_PROTOTYPES = YES;
				CLANG_WARN_SUSPICIOUS_MOVE = YES;
				CLANG_WARN_UNGUARDED_AVAILABILITY = YES_AGGRESSIVE;
				CLANG_WARN_UNREACHABLE_CODE = YES;
				CLANG_WARN__DUPLICATE_METHOD_MATCH = YES;
				COPY_PHASE_STRIP = NO;
				DEBUG_INFORMATION_FORMAT = dwarf;
				ENABLE_STRICT_OBJC_MSGSEND = YES;
				ENABLE_TESTABILITY = YES;
				GCC_C_LANGUAGE_STANDARD = gnu11;
				GCC_DYNAMIC_NO_PIC = NO;
				GCC_NO_COMMON_BLOCKS = YES;
				GCC_OPTIMIZATION_LEVEL = 0;
				GCC_PREPROCESSOR_DEFINITIONS = (
					"DEBUG=1",
					"$(inherited)",
				);
				GCC_WARN_64_TO_32_BIT_CONVERSION = YES;
				GCC_WARN_ABOUT_RETURN_TYPE = YES_ERROR;
				GCC_WARN_UNDECLARED_SELECTOR = YES;
				GCC_WARN_UNINITIALIZED_AUTOS = YES_AGGRESSIVE;
				GCC_WARN_UNUSED_FUNCTION = YES;
				GCC_WARN_UNUSED_VARIABLE = YES;
				IPHONEOS_DEPLOYMENT_TARGET = 16.2;
				MTL_ENABLE_DEBUG_INFO = INCLUDE_SOURCE;
				MTL_FAST_MATH = YES;
				ONLY_ACTIVE_ARCH = YES;
				SDKROOT = iphoneos;
				SWIFT_ACTIVE_COMPILATION_CONDITIONS = DEBUG;
				SWIFT_OPTIMIZATION_LEVEL = "-Onone";
			};
			name = Debug;
		};
		E7280C4B2AA0C4EB0011C1B3 /* Release */ = {
			isa = XCBuildConfiguration;
			buildSettings = {
				ALWAYS_SEARCH_USER_PATHS = NO;
				CLANG_ANALYZER_NONNULL = YES;
				CLANG_ANALYZER_NUMBER_OBJECT_CONVERSION = YES_AGGRESSIVE;
				CLANG_CXX_LANGUAGE_STANDARD = "gnu++20";
				CLANG_ENABLE_MODULES = YES;
				CLANG_ENABLE_OBJC_ARC = YES;
				CLANG_ENABLE_OBJC_WEAK = YES;
				CLANG_WARN_BLOCK_CAPTURE_AUTORELEASING = YES;
				CLANG_WARN_BOOL_CONVERSION = YES;
				CLANG_WARN_COMMA = YES;
				CLANG_WARN_CONSTANT_CONVERSION = YES;
				CLANG_WARN_DEPRECATED_OBJC_IMPLEMENTATIONS = YES;
				CLANG_WARN_DIRECT_OBJC_ISA_USAGE = YES_ERROR;
				CLANG_WARN_DOCUMENTATION_COMMENTS = YES;
				CLANG_WARN_EMPTY_BODY = YES;
				CLANG_WARN_ENUM_CONVERSION = YES;
				CLANG_WARN_INFINITE_RECURSION = YES;
				CLANG_WARN_INT_CONVERSION = YES;
				CLANG_WARN_NON_LITERAL_NULL_CONVERSION = YES;
				CLANG_WARN_OBJC_IMPLICIT_RETAIN_SELF = YES;
				CLANG_WARN_OBJC_LITERAL_CONVERSION = YES;
				CLANG_WARN_OBJC_ROOT_CLASS = YES_ERROR;
				CLANG_WARN_QUOTED_INCLUDE_IN_FRAMEWORK_HEADER = YES;
				CLANG_WARN_RANGE_LOOP_ANALYSIS = YES;
				CLANG_WARN_STRICT_PROTOTYPES = YES;
				CLANG_WARN_SUSPICIOUS_MOVE = YES;
				CLANG_WARN_UNGUARDED_AVAILABILITY = YES_AGGRESSIVE;
				CLANG_WARN_UNREACHABLE_CODE = YES;
				CLANG_WARN__DUPLICATE_METHOD_MATCH = YES;
				COPY_PHASE_STRIP = NO;
				DEBUG_INFORMATION_FORMAT = "dwarf-with-dsym";
				ENABLE_NS_ASSERTIONS = NO;
				ENABLE_STRICT_OBJC_MSGSEND = YES;
				GCC_C_LANGUAGE_STANDARD = gnu11;
				GCC_NO_COMMON_BLOCKS = YES;
				GCC_WARN_64_TO_32_BIT_CONVERSION = YES;
				GCC_WARN_ABOUT_RETURN_TYPE = YES_ERROR;
				GCC_WARN_UNDECLARED_SELECTOR = YES;
				GCC_WARN_UNINITIALIZED_AUTOS = YES_AGGRESSIVE;
				GCC_WARN_UNUSED_FUNCTION = YES;
				GCC_WARN_UNUSED_VARIABLE = YES;
				IPHONEOS_DEPLOYMENT_TARGET = 16.2;
				MTL_ENABLE_DEBUG_INFO = NO;
				MTL_FAST_MATH = YES;
				SDKROOT = iphoneos;
				SWIFT_COMPILATION_MODE = wholemodule;
				SWIFT_OPTIMIZATION_LEVEL = "-O";
				VALIDATE_PRODUCT = YES;
			};
			name = Release;
		};
		E7280C4D2AA0C4EB0011C1B3 /* Debug */ = {
			isa = XCBuildConfiguration;
			buildSettings = {
				ASSETCATALOG_COMPILER_APPICON_NAME = AppIcon;
				ASSETCATALOG_COMPILER_GLOBAL_ACCENT_COLOR_NAME = AccentColor;
				CODE_SIGN_STYLE = Automatic;
				CURRENT_PROJECT_VERSION = 1;
				GENERATE_INFOPLIST_FILE = YES;
				INFOPLIST_FILE = RickAndMorty/Info.plist;
				INFOPLIST_KEY_UIApplicationSupportsIndirectInputEvents = YES;
				INFOPLIST_KEY_UILaunchStoryboardName = LaunchScreen;
				INFOPLIST_KEY_UIMainStoryboardFile = Main;
				INFOPLIST_KEY_UISupportedInterfaceOrientations_iPad = "UIInterfaceOrientationPortrait UIInterfaceOrientationPortraitUpsideDown UIInterfaceOrientationLandscapeLeft UIInterfaceOrientationLandscapeRight";
				INFOPLIST_KEY_UISupportedInterfaceOrientations_iPhone = "UIInterfaceOrientationPortrait UIInterfaceOrientationLandscapeLeft UIInterfaceOrientationLandscapeRight";
				LD_RUNPATH_SEARCH_PATHS = (
					"$(inherited)",
					"@executable_path/Frameworks",
				);
				MARKETING_VERSION = 1.0;
				PRODUCT_BUNDLE_IDENTIFIER = "-2121.RickAndMorty";
				PRODUCT_NAME = "$(TARGET_NAME)";
				SWIFT_EMIT_LOC_STRINGS = YES;
				SWIFT_VERSION = 5.0;
				TARGETED_DEVICE_FAMILY = "1,2";
			};
			name = Debug;
		};
		E7280C4E2AA0C4EB0011C1B3 /* Release */ = {
			isa = XCBuildConfiguration;
			buildSettings = {
				ASSETCATALOG_COMPILER_APPICON_NAME = AppIcon;
				ASSETCATALOG_COMPILER_GLOBAL_ACCENT_COLOR_NAME = AccentColor;
				CODE_SIGN_STYLE = Automatic;
				CURRENT_PROJECT_VERSION = 1;
				GENERATE_INFOPLIST_FILE = YES;
				INFOPLIST_FILE = RickAndMorty/Info.plist;
				INFOPLIST_KEY_UIApplicationSupportsIndirectInputEvents = YES;
				INFOPLIST_KEY_UILaunchStoryboardName = LaunchScreen;
				INFOPLIST_KEY_UIMainStoryboardFile = Main;
				INFOPLIST_KEY_UISupportedInterfaceOrientations_iPad = "UIInterfaceOrientationPortrait UIInterfaceOrientationPortraitUpsideDown UIInterfaceOrientationLandscapeLeft UIInterfaceOrientationLandscapeRight";
				INFOPLIST_KEY_UISupportedInterfaceOrientations_iPhone = "UIInterfaceOrientationPortrait UIInterfaceOrientationLandscapeLeft UIInterfaceOrientationLandscapeRight";
				LD_RUNPATH_SEARCH_PATHS = (
					"$(inherited)",
					"@executable_path/Frameworks",
				);
				MARKETING_VERSION = 1.0;
				PRODUCT_BUNDLE_IDENTIFIER = "-2121.RickAndMorty";
				PRODUCT_NAME = "$(TARGET_NAME)";
				SWIFT_EMIT_LOC_STRINGS = YES;
				SWIFT_VERSION = 5.0;
				TARGETED_DEVICE_FAMILY = "1,2";
			};
			name = Release;
		};
/* End XCBuildConfiguration section */

/* Begin XCConfigurationList section */
		E7280C332AA0C4E90011C1B3 /* Build configuration list for PBXProject "RickAndMorty" */ = {
			isa = XCConfigurationList;
			buildConfigurations = (
				E7280C4A2AA0C4EB0011C1B3 /* Debug */,
				E7280C4B2AA0C4EB0011C1B3 /* Release */,
			);
			defaultConfigurationIsVisible = 0;
			defaultConfigurationName = Release;
		};
		E7280C4C2AA0C4EB0011C1B3 /* Build configuration list for PBXNativeTarget "RickAndMorty" */ = {
			isa = XCConfigurationList;
			buildConfigurations = (
				E7280C4D2AA0C4EB0011C1B3 /* Debug */,
				E7280C4E2AA0C4EB0011C1B3 /* Release */,
			);
			defaultConfigurationIsVisible = 0;
			defaultConfigurationName = Release;
		};
/* End XCConfigurationList section */
	};
	rootObject = E7280C302AA0C4E90011C1B3 /* Project object */;
}
